// !$*UTF8*$!
{
	archiveVersion = 1;
	classes = {
	};
	objectVersion = 55;
	objects = {

/* Begin PBXBuildFile section */
		C3550E879178B4CF87E426F5 /* Pods_LoginDemo.framework in Frameworks */ = {isa = PBXBuildFile; fileRef = 7227CB0FC371E2431DB62245 /* Pods_LoginDemo.framework */; };
		E51AC952286AF5D800425B4B /* AppDelegate.swift in Sources */ = {isa = PBXBuildFile; fileRef = E51AC951286AF5D800425B4B /* AppDelegate.swift */; };
		E51AC954286AF5D800425B4B /* SceneDelegate.swift in Sources */ = {isa = PBXBuildFile; fileRef = E51AC953286AF5D800425B4B /* SceneDelegate.swift */; };
		E51AC956286AF5D800425B4B /* ViewController.swift in Sources */ = {isa = PBXBuildFile; fileRef = E51AC955286AF5D800425B4B /* ViewController.swift */; };
		E51AC959286AF5D800425B4B /* Main.storyboard in Resources */ = {isa = PBXBuildFile; fileRef = E51AC957286AF5D800425B4B /* Main.storyboard */; };
		E51AC95B286AF5DE00425B4B /* Assets.xcassets in Resources */ = {isa = PBXBuildFile; fileRef = E51AC95A286AF5DE00425B4B /* Assets.xcassets */; };
		E51AC95E286AF5DE00425B4B /* LaunchScreen.storyboard in Resources */ = {isa = PBXBuildFile; fileRef = E51AC95C286AF5DE00425B4B /* LaunchScreen.storyboard */; };
		E5274719286C57DC008E5D65 /* CartCell.xib in Resources */ = {isa = PBXBuildFile; fileRef = E5274717286C57DC008E5D65 /* CartCell.xib */; };
		E527471A286C57DC008E5D65 /* ItemCell.xib in Resources */ = {isa = PBXBuildFile; fileRef = E5274718286C57DC008E5D65 /* ItemCell.xib */; };
		E527471C286C5923008E5D65 /* CartViewController.swift in Sources */ = {isa = PBXBuildFile; fileRef = E527471B286C5923008E5D65 /* CartViewController.swift */; };
		E5274720286C593B008E5D65 /* CartCell.swift in Sources */ = {isa = PBXBuildFile; fileRef = E527471E286C593B008E5D65 /* CartCell.swift */; };
		E5274721286C593B008E5D65 /* ItemCell.swift in Sources */ = {isa = PBXBuildFile; fileRef = E527471F286C593B008E5D65 /* ItemCell.swift */; };
/* End PBXBuildFile section */

/* Begin PBXFileReference section */
		0A1D32840C507351509D7A43 /* Pods-LoginDemo.debug.xcconfig */ = {isa = PBXFileReference; includeInIndex = 1; lastKnownFileType = text.xcconfig; name = "Pods-LoginDemo.debug.xcconfig"; path = "Target Support Files/Pods-LoginDemo/Pods-LoginDemo.debug.xcconfig"; sourceTree = "<group>"; };
		366DA644BE9356F170802C7D /* Pods-LoginDemo.release.xcconfig */ = {isa = PBXFileReference; includeInIndex = 1; lastKnownFileType = text.xcconfig; name = "Pods-LoginDemo.release.xcconfig"; path = "Target Support Files/Pods-LoginDemo/Pods-LoginDemo.release.xcconfig"; sourceTree = "<group>"; };
		7227CB0FC371E2431DB62245 /* Pods_LoginDemo.framework */ = {isa = PBXFileReference; explicitFileType = wrapper.framework; includeInIndex = 0; path = Pods_LoginDemo.framework; sourceTree = BUILT_PRODUCTS_DIR; };
		E51AC94E286AF5D800425B4B /* LoginDemo.app */ = {isa = PBXFileReference; explicitFileType = wrapper.application; includeInIndex = 0; path = LoginDemo.app; sourceTree = BUILT_PRODUCTS_DIR; };
		E51AC951286AF5D800425B4B /* AppDelegate.swift */ = {isa = PBXFileReference; lastKnownFileType = sourcecode.swift; path = AppDelegate.swift; sourceTree = "<group>"; };
		E51AC953286AF5D800425B4B /* SceneDelegate.swift */ = {isa = PBXFileReference; lastKnownFileType = sourcecode.swift; path = SceneDelegate.swift; sourceTree = "<group>"; };
		E51AC955286AF5D800425B4B /* ViewController.swift */ = {isa = PBXFileReference; lastKnownFileType = sourcecode.swift; path = ViewController.swift; sourceTree = "<group>"; };
		E51AC958286AF5D800425B4B /* Base */ = {isa = PBXFileReference; lastKnownFileType = file.storyboard; name = Base; path = Base.lproj/Main.storyboard; sourceTree = "<group>"; };
		E51AC95A286AF5DE00425B4B /* Assets.xcassets */ = {isa = PBXFileReference; lastKnownFileType = folder.assetcatalog; path = Assets.xcassets; sourceTree = "<group>"; };
		E51AC95D286AF5DE00425B4B /* Base */ = {isa = PBXFileReference; lastKnownFileType = file.storyboard; name = Base; path = Base.lproj/LaunchScreen.storyboard; sourceTree = "<group>"; };
		E51AC95F286AF5DE00425B4B /* Info.plist */ = {isa = PBXFileReference; lastKnownFileType = text.plist.xml; path = Info.plist; sourceTree = "<group>"; };
		E5274717286C57DC008E5D65 /* CartCell.xib */ = {isa = PBXFileReference; fileEncoding = 4; lastKnownFileType = file.xib; path = CartCell.xib; sourceTree = "<group>"; };
		E5274718286C57DC008E5D65 /* ItemCell.xib */ = {isa = PBXFileReference; fileEncoding = 4; lastKnownFileType = file.xib; path = ItemCell.xib; sourceTree = "<group>"; };
		E527471B286C5923008E5D65 /* CartViewController.swift */ = {isa = PBXFileReference; fileEncoding = 4; lastKnownFileType = sourcecode.swift; path = CartViewController.swift; sourceTree = "<group>"; };
		E527471E286C593B008E5D65 /* CartCell.swift */ = {isa = PBXFileReference; fileEncoding = 4; lastKnownFileType = sourcecode.swift; path = CartCell.swift; sourceTree = "<group>"; };
		E527471F286C593B008E5D65 /* ItemCell.swift */ = {isa = PBXFileReference; fileEncoding = 4; lastKnownFileType = sourcecode.swift; path = ItemCell.swift; sourceTree = "<group>"; };
/* End PBXFileReference section */

/* Begin PBXFrameworksBuildPhase section */
		E51AC94B286AF5D800425B4B /* Frameworks */ = {
			isa = PBXFrameworksBuildPhase;
			buildActionMask = 2147483647;
			files = (
				C3550E879178B4CF87E426F5 /* Pods_LoginDemo.framework in Frameworks */,
			);
			runOnlyForDeploymentPostprocessing = 0;
		};
/* End PBXFrameworksBuildPhase section */

/* Begin PBXGroup section */
		E51AC945286AF5D800425B4B = {
			isa = PBXGroup;
			children = (
				E51AC950286AF5D800425B4B /* LoginDemo */,
				E51AC94F286AF5D800425B4B /* Products */,
				EC5DEBCD3EBDF0DC78A837EB /* Pods */,
				ED11E0734CDAB6B339F8DBF4 /* Frameworks */,
			);
			sourceTree = "<group>";
		};
		E51AC94F286AF5D800425B4B /* Products */ = {
			isa = PBXGroup;
			children = (
				E51AC94E286AF5D800425B4B /* LoginDemo.app */,
			);
			name = Products;
			sourceTree = "<group>";
		};
		E51AC950286AF5D800425B4B /* LoginDemo */ = {
			isa = PBXGroup;
			children = (
				E51AC951286AF5D800425B4B /* AppDelegate.swift */,
				E51AC953286AF5D800425B4B /* SceneDelegate.swift */,
				E51AC965286AF5F800425B4B /* Model */,
				E51AC966286AF60000425B4B /* View */,
				E51AC967286AF60800425B4B /* Controller */,
				E51AC95A286AF5DE00425B4B /* Assets.xcassets */,
				E51AC95F286AF5DE00425B4B /* Info.plist */,
			);
			path = LoginDemo;
			sourceTree = "<group>";
		};
		E51AC965286AF5F800425B4B /* Model */ = {
			isa = PBXGroup;
			children = (
			);
			path = Model;
			sourceTree = "<group>";
		};
		E51AC966286AF60000425B4B /* View */ = {
			isa = PBXGroup;
			children = (
				E5274716286C57DC008E5D65 /* Xibs */,
				E51AC957286AF5D800425B4B /* Main.storyboard */,
				E51AC95C286AF5DE00425B4B /* LaunchScreen.storyboard */,
			);
			path = View;
			sourceTree = "<group>";
		};
		E51AC967286AF60800425B4B /* Controller */ = {
			isa = PBXGroup;
			children = (
				E527471D286C5927008E5D65 /* Cell */,
				E527471B286C5923008E5D65 /* CartViewController.swift */,
				E51AC955286AF5D800425B4B /* ViewController.swift */,
			);
			path = Controller;
			sourceTree = "<group>";
		};
		E5274716286C57DC008E5D65 /* Xibs */ = {
			isa = PBXGroup;
			children = (
				E5274717286C57DC008E5D65 /* CartCell.xib */,
				E5274718286C57DC008E5D65 /* ItemCell.xib */,
			);
			path = Xibs;
			sourceTree = "<group>";
		};
		E527471D286C5927008E5D65 /* Cell */ = {
			isa = PBXGroup;
			children = (
				E527471E286C593B008E5D65 /* CartCell.swift */,
				E527471F286C593B008E5D65 /* ItemCell.swift */,
			);
			path = Cell;
			sourceTree = "<group>";
		};
		EC5DEBCD3EBDF0DC78A837EB /* Pods */ = {
			isa = PBXGroup;
			children = (
				0A1D32840C507351509D7A43 /* Pods-LoginDemo.debug.xcconfig */,
				366DA644BE9356F170802C7D /* Pods-LoginDemo.release.xcconfig */,
			);
			path = Pods;
			sourceTree = "<group>";
		};
		ED11E0734CDAB6B339F8DBF4 /* Frameworks */ = {
			isa = PBXGroup;
			children = (
				7227CB0FC371E2431DB62245 /* Pods_LoginDemo.framework */,
			);
			name = Frameworks;
			sourceTree = "<group>";
		};
/* End PBXGroup section */

/* Begin PBXNativeTarget section */
		E51AC94D286AF5D800425B4B /* LoginDemo */ = {
			isa = PBXNativeTarget;
			buildConfigurationList = E51AC962286AF5DE00425B4B /* Build configuration list for PBXNativeTarget "LoginDemo" */;
			buildPhases = (
				7485D34D3ECA8A035D71DB2B /* [CP] Check Pods Manifest.lock */,
				E51AC94A286AF5D800425B4B /* Sources */,
				E51AC94B286AF5D800425B4B /* Frameworks */,
				E51AC94C286AF5D800425B4B /* Resources */,
				D9BDAC59511C72D457044F7A /* [CP] Embed Pods Frameworks */,
			);
			buildRules = (
			);
			dependencies = (
			);
			name = LoginDemo;
			productName = LoginDemo;
			productReference = E51AC94E286AF5D800425B4B /* LoginDemo.app */;
			productType = "com.apple.product-type.application";
		};
/* End PBXNativeTarget section */

/* Begin PBXProject section */
		E51AC946286AF5D800425B4B /* Project object */ = {
			isa = PBXProject;
			attributes = {
				BuildIndependentTargetsInParallel = 1;
				LastSwiftUpdateCheck = 1300;
				LastUpgradeCheck = 1300;
				TargetAttributes = {
					E51AC94D286AF5D800425B4B = {
						CreatedOnToolsVersion = 13.0;
					};
				};
			};
			buildConfigurationList = E51AC949286AF5D800425B4B /* Build configuration list for PBXProject "LoginDemo" */;
			compatibilityVersion = "Xcode 13.0";
			developmentRegion = en;
			hasScannedForEncodings = 0;
			knownRegions = (
				en,
				Base,
			);
			mainGroup = E51AC945286AF5D800425B4B;
			productRefGroup = E51AC94F286AF5D800425B4B /* Products */;
			projectDirPath = "";
			projectRoot = "";
			targets = (
				E51AC94D286AF5D800425B4B /* LoginDemo */,
			);
		};
/* End PBXProject section */

/* Begin PBXResourcesBuildPhase section */
		E51AC94C286AF5D800425B4B /* Resources */ = {
			isa = PBXResourcesBuildPhase;
			buildActionMask = 2147483647;
			files = (
				E51AC95E286AF5DE00425B4B /* LaunchScreen.storyboard in Resources */,
				E51AC95B286AF5DE00425B4B /* Assets.xcassets in Resources */,
				E527471A286C57DC008E5D65 /* ItemCell.xib in Resources */,
				E51AC959286AF5D800425B4B /* Main.storyboard in Resources */,
				E5274719286C57DC008E5D65 /* CartCell.xib in Resources */,
			);
			runOnlyForDeploymentPostprocessing = 0;
		};
/* End PBXResourcesBuildPhase section */

/* Begin PBXShellScriptBuildPhase section */
		7485D34D3ECA8A035D71DB2B /* [CP] Check Pods Manifest.lock */ = {
			isa = PBXShellScriptBuildPhase;
			buildActionMask = 2147483647;
			files = (
			);
			inputFileListPaths = (
			);
			inputPaths = (
				"${PODS_PODFILE_DIR_PATH}/Podfile.lock",
				"${PODS_ROOT}/Manifest.lock",
			);
			name = "[CP] Check Pods Manifest.lock";
			outputFileListPaths = (
			);
			outputPaths = (
				"$(DERIVED_FILE_DIR)/Pods-LoginDemo-checkManifestLockResult.txt",
			);
			runOnlyForDeploymentPostprocessing = 0;
			shellPath = /bin/sh;
			shellScript = "diff \"${PODS_PODFILE_DIR_PATH}/Podfile.lock\" \"${PODS_ROOT}/Manifest.lock\" > /dev/null\nif [ $? != 0 ] ; then\n    # print error to STDERR\n    echo \"error: The sandbox is not in sync with the Podfile.lock. Run 'pod install' or update your CocoaPods installation.\" >&2\n    exit 1\nfi\n# This output is used by Xcode 'outputs' to avoid re-running this script phase.\necho \"SUCCESS\" > \"${SCRIPT_OUTPUT_FILE_0}\"\n";
			showEnvVarsInLog = 0;
		};
		D9BDAC59511C72D457044F7A /* [CP] Embed Pods Frameworks */ = {
			isa = PBXShellScriptBuildPhase;
			buildActionMask = 2147483647;
			files = (
			);
			inputFileListPaths = (
				"${PODS_ROOT}/Target Support Files/Pods-LoginDemo/Pods-LoginDemo-frameworks-${CONFIGURATION}-input-files.xcfilelist",
			);
			name = "[CP] Embed Pods Frameworks";
			outputFileListPaths = (
				"${PODS_ROOT}/Target Support Files/Pods-LoginDemo/Pods-LoginDemo-frameworks-${CONFIGURATION}-output-files.xcfilelist",
			);
			runOnlyForDeploymentPostprocessing = 0;
			shellPath = /bin/sh;
			shellScript = "\"${PODS_ROOT}/Target Support Files/Pods-LoginDemo/Pods-LoginDemo-frameworks.sh\"\n";
			showEnvVarsInLog = 0;
		};
/* End PBXShellScriptBuildPhase section */

/* Begin PBXSourcesBuildPhase section */
		E51AC94A286AF5D800425B4B /* Sources */ = {
			isa = PBXSourcesBuildPhase;
			buildActionMask = 2147483647;
			files = (
				E527471C286C5923008E5D65 /* CartViewController.swift in Sources */,
				E5274720286C593B008E5D65 /* CartCell.swift in Sources */,
				E5274721286C593B008E5D65 /* ItemCell.swift in Sources */,
				E51AC956286AF5D800425B4B /* ViewController.swift in Sources */,
				E51AC952286AF5D800425B4B /* AppDelegate.swift in Sources */,
				E51AC954286AF5D800425B4B /* SceneDelegate.swift in Sources */,
			);
			runOnlyForDeploymentPostprocessing = 0;
		};
/* End PBXSourcesBuildPhase section */

/* Begin PBXVariantGroup section */
		E51AC957286AF5D800425B4B /* Main.storyboard */ = {
			isa = PBXVariantGroup;
			children = (
				E51AC958286AF5D800425B4B /* Base */,
			);
			name = Main.storyboard;
			sourceTree = "<group>";
		};
		E51AC95C286AF5DE00425B4B /* LaunchScreen.storyboard */ = {
			isa = PBXVariantGroup;
			children = (
				E51AC95D286AF5DE00425B4B /* Base */,
			);
			name = LaunchScreen.storyboard;
			sourceTree = "<group>";
		};
/* End PBXVariantGroup section */

/* Begin XCBuildConfiguration section */
		E51AC960286AF5DE00425B4B /* Debug */ = {
			isa = XCBuildConfiguration;
			buildSettings = {
				ALWAYS_SEARCH_USER_PATHS = NO;
				CLANG_ANALYZER_NONNULL = YES;
				CLANG_ANALYZER_NUMBER_OBJECT_CONVERSION = YES_AGGRESSIVE;
				CLANG_CXX_LANGUAGE_STANDARD = "gnu++17";
				CLANG_CXX_LIBRARY = "libc++";
				CLANG_ENABLE_MODULES = YES;
				CLANG_ENABLE_OBJC_ARC = YES;
				CLANG_ENABLE_OBJC_WEAK = YES;
				CLANG_WARN_BLOCK_CAPTURE_AUTORELEASING = YES;
				CLANG_WARN_BOOL_CONVERSION = YES;
				CLANG_WARN_COMMA = YES;
				CLANG_WARN_CONSTANT_CONVERSION = YES;
				CLANG_WARN_DEPRECATED_OBJC_IMPLEMENTATIONS = YES;
				CLANG_WARN_DIRECT_OBJC_ISA_USAGE = YES_ERROR;
				CLANG_WARN_DOCUMENTATION_COMMENTS = YES;
				CLANG_WARN_EMPTY_BODY = YES;
				CLANG_WARN_ENUM_CONVERSION = YES;
				CLANG_WARN_INFINITE_RECURSION = YES;
				CLANG_WARN_INT_CONVERSION = YES;
				CLANG_WARN_NON_LITERAL_NULL_CONVERSION = YES;
				CLANG_WARN_OBJC_IMPLICIT_RETAIN_SELF = YES;
				CLANG_WARN_OBJC_LITERAL_CONVERSION = YES;
				CLANG_WARN_OBJC_ROOT_CLASS = YES_ERROR;
				CLANG_WARN_QUOTED_INCLUDE_IN_FRAMEWORK_HEADER = YES;
				CLANG_WARN_RANGE_LOOP_ANALYSIS = YES;
				CLANG_WARN_STRICT_PROTOTYPES = YES;
				CLANG_WARN_SUSPICIOUS_MOVE = YES;
				CLANG_WARN_UNGUARDED_AVAILABILITY = YES_AGGRESSIVE;
				CLANG_WARN_UNREACHABLE_CODE = YES;
				CLANG_WARN__DUPLICATE_METHOD_MATCH = YES;
				COPY_PHASE_STRIP = NO;
				DEBUG_INFORMATION_FORMAT = dwarf;
				ENABLE_STRICT_OBJC_MSGSEND = YES;
				ENABLE_TESTABILITY = YES;
				GCC_C_LANGUAGE_STANDARD = gnu11;
				GCC_DYNAMIC_NO_PIC = NO;
				GCC_NO_COMMON_BLOCKS = YES;
				GCC_OPTIMIZATION_LEVEL = 0;
				GCC_PREPROCESSOR_DEFINITIONS = (
					"DEBUG=1",
					"$(inherited)",
				);
				GCC_WARN_64_TO_32_BIT_CONVERSION = YES;
				GCC_WARN_ABOUT_RETURN_TYPE = YES_ERROR;
				GCC_WARN_UNDECLARED_SELECTOR = YES;
				GCC_WARN_UNINITIALIZED_AUTOS = YES_AGGRESSIVE;
				GCC_WARN_UNUSED_FUNCTION = YES;
				GCC_WARN_UNUSED_VARIABLE = YES;
				IPHONEOS_DEPLOYMENT_TARGET = 15.0;
				MTL_ENABLE_DEBUG_INFO = INCLUDE_SOURCE;
				MTL_FAST_MATH = YES;
				ONLY_ACTIVE_ARCH = YES;
				SDKROOT = iphoneos;
				SWIFT_ACTIVE_COMPILATION_CONDITIONS = DEBUG;
				SWIFT_OPTIMIZATION_LEVEL = "-Onone";
			};
			name = Debug;
		};
		E51AC961286AF5DE00425B4B /* Release */ = {
			isa = XCBuildConfiguration;
			buildSettings = {
				ALWAYS_SEARCH_USER_PATHS = NO;
				CLANG_ANALYZER_NONNULL = YES;
				CLANG_ANALYZER_NUMBER_OBJECT_CONVERSION = YES_AGGRESSIVE;
				CLANG_CXX_LANGUAGE_STANDARD = "gnu++17";
				CLANG_CXX_LIBRARY = "libc++";
				CLANG_ENABLE_MODULES = YES;
				CLANG_ENABLE_OBJC_ARC = YES;
				CLANG_ENABLE_OBJC_WEAK = YES;
				CLANG_WARN_BLOCK_CAPTURE_AUTORELEASING = YES;
				CLANG_WARN_BOOL_CONVERSION = YES;
				CLANG_WARN_COMMA = YES;
				CLANG_WARN_CONSTANT_CONVERSION = YES;
				CLANG_WARN_DEPRECATED_OBJC_IMPLEMENTATIONS = YES;
				CLANG_WARN_DIRECT_OBJC_ISA_USAGE = YES_ERROR;
				CLANG_WARN_DOCUMENTATION_COMMENTS = YES;
				CLANG_WARN_EMPTY_BODY = YES;
				CLANG_WARN_ENUM_CONVERSION = YES;
				CLANG_WARN_INFINITE_RECURSION = YES;
				CLANG_WARN_INT_CONVERSION = YES;
				CLANG_WARN_NON_LITERAL_NULL_CONVERSION = YES;
				CLANG_WARN_OBJC_IMPLICIT_RETAIN_SELF = YES;
				CLANG_WARN_OBJC_LITERAL_CONVERSION = YES;
				CLANG_WARN_OBJC_ROOT_CLASS = YES_ERROR;
				CLANG_WARN_QUOTED_INCLUDE_IN_FRAMEWORK_HEADER = YES;
				CLANG_WARN_RANGE_LOOP_ANALYSIS = YES;
				CLANG_WARN_STRICT_PROTOTYPES = YES;
				CLANG_WARN_SUSPICIOUS_MOVE = YES;
				CLANG_WARN_UNGUARDED_AVAILABILITY = YES_AGGRESSIVE;
				CLANG_WARN_UNREACHABLE_CODE = YES;
				CLANG_WARN__DUPLICATE_METHOD_MATCH = YES;
				COPY_PHASE_STRIP = NO;
				DEBUG_INFORMATION_FORMAT = "dwarf-with-dsym";
				ENABLE_NS_ASSERTIONS = NO;
				ENABLE_STRICT_OBJC_MSGSEND = YES;
				GCC_C_LANGUAGE_STANDARD = gnu11;
				GCC_NO_COMMON_BLOCKS = YES;
				GCC_WARN_64_TO_32_BIT_CONVERSION = YES;
				GCC_WARN_ABOUT_RETURN_TYPE = YES_ERROR;
				GCC_WARN_UNDECLARED_SELECTOR = YES;
				GCC_WARN_UNINITIALIZED_AUTOS = YES_AGGRESSIVE;
				GCC_WARN_UNUSED_FUNCTION = YES;
				GCC_WARN_UNUSED_VARIABLE = YES;
				IPHONEOS_DEPLOYMENT_TARGET = 15.0;
				MTL_ENABLE_DEBUG_INFO = NO;
				MTL_FAST_MATH = YES;
				SDKROOT = iphoneos;
				SWIFT_COMPILATION_MODE = wholemodule;
				SWIFT_OPTIMIZATION_LEVEL = "-O";
				VALIDATE_PRODUCT = YES;
			};
			name = Release;
		};
		E51AC963286AF5DE00425B4B /* Debug */ = {
			isa = XCBuildConfiguration;
			baseConfigurationReference = 0A1D32840C507351509D7A43 /* Pods-LoginDemo.debug.xcconfig */;
			buildSettings = {
				ASSETCATALOG_COMPILER_APPICON_NAME = AppIcon;
				ASSETCATALOG_COMPILER_GLOBAL_ACCENT_COLOR_NAME = AccentColor;
				CODE_SIGN_STYLE = Automatic;
				CURRENT_PROJECT_VERSION = 1;
				GENERATE_INFOPLIST_FILE = YES;
				INFOPLIST_FILE = LoginDemo/Info.plist;
				INFOPLIST_KEY_UIApplicationSupportsIndirectInputEvents = YES;
				INFOPLIST_KEY_UILaunchStoryboardName = LaunchScreen;
				INFOPLIST_KEY_UIMainStoryboardFile = Main;
				INFOPLIST_KEY_UISupportedInterfaceOrientations_iPad = "UIInterfaceOrientationPortrait UIInterfaceOrientationPortraitUpsideDown UIInterfaceOrientationLandscapeLeft UIInterfaceOrientationLandscapeRight";
				INFOPLIST_KEY_UISupportedInterfaceOrientations_iPhone = "UIInterfaceOrientationPortrait UIInterfaceOrientationLandscapeLeft UIInterfaceOrientationLandscapeRight";
				LD_RUNPATH_SEARCH_PATHS = (
					"$(inherited)",
					"@executable_path/Frameworks",
				);
				MARKETING_VERSION = 1.0;
				PRODUCT_BUNDLE_IDENTIFIER = com.LoginDemo.MyDemo.LoginDemo;
				PRODUCT_NAME = "$(TARGET_NAME)";
				SWIFT_EMIT_LOC_STRINGS = YES;
				SWIFT_VERSION = 5.0;
				TARGETED_DEVICE_FAMILY = "1,2";
			};
			name = Debug;
		};
		E51AC964286AF5DE00425B4B /* Release */ = {
			isa = XCBuildConfiguration;
			baseConfigurationReference = 366DA644BE9356F170802C7D /* Pods-LoginDemo.release.xcconfig */;
			buildSettings = {
				ASSETCATALOG_COMPILER_APPICON_NAME = AppIcon;
				ASSETCATALOG_COMPILER_GLOBAL_ACCENT_COLOR_NAME = AccentColor;
				CODE_SIGN_STYLE = Automatic;
				CURRENT_PROJECT_VERSION = 1;
				GENERATE_INFOPLIST_FILE = YES;
				INFOPLIST_FILE = LoginDemo/Info.plist;
				INFOPLIST_KEY_UIApplicationSupportsIndirectInputEvents = YES;
				INFOPLIST_KEY_UILaunchStoryboardName = LaunchScreen;
				INFOPLIST_KEY_UIMainStoryboardFile = Main;
				INFOPLIST_KEY_UISupportedInterfaceOrientations_iPad = "UIInterfaceOrientationPortrait UIInterfaceOrientationPortraitUpsideDown UIInterfaceOrientationLandscapeLeft UIInterfaceOrientationLandscapeRight";
				INFOPLIST_KEY_UISupportedInterfaceOrientations_iPhone = "UIInterfaceOrientationPortrait UIInterfaceOrientationLandscapeLeft UIInterfaceOrientationLandscapeRight";
				LD_RUNPATH_SEARCH_PATHS = (
					"$(inherited)",
					"@executable_path/Frameworks",
				);
				MARKETING_VERSION = 1.0;
				PRODUCT_BUNDLE_IDENTIFIER = com.LoginDemo.MyDemo.LoginDemo;
				PRODUCT_NAME = "$(TARGET_NAME)";
				SWIFT_EMIT_LOC_STRINGS = YES;
				SWIFT_VERSION = 5.0;
				TARGETED_DEVICE_FAMILY = "1,2";
			};
			name = Release;
		};
/* End XCBuildConfiguration section */

/* Begin XCConfigurationList section */
		E51AC949286AF5D800425B4B /* Build configuration list for PBXProject "LoginDemo" */ = {
			isa = XCConfigurationList;
			buildConfigurations = (
				E51AC960286AF5DE00425B4B /* Debug */,
				E51AC961286AF5DE00425B4B /* Release */,
			);
			defaultConfigurationIsVisible = 0;
			defaultConfigurationName = Release;
		};
		E51AC962286AF5DE00425B4B /* Build configuration list for PBXNativeTarget "LoginDemo" */ = {
			isa = XCConfigurationList;
			buildConfigurations = (
				E51AC963286AF5DE00425B4B /* Debug */,
				E51AC964286AF5DE00425B4B /* Release */,
			);
			defaultConfigurationIsVisible = 0;
			defaultConfigurationName = Release;
		};
/* End XCConfigurationList section */
	};
	rootObject = E51AC946286AF5D800425B4B /* Project object */;
}
